
Microsoft Visual Studio Solution File, Format Version 12.00
# Visual Studio 14
VisualStudioVersion = 14.0.25420.1
MinimumVisualStudioVersion = 10.0.40219.1
Project("{FAE04EC0-301F-11D3-BF4B-00C04F79EFBC}") = "SmartStorage.BLL", "I4PRJ SmartStorage.BLL\SmartStorage.BLL.csproj", "{0A0E6BA3-C63E-4C08-BD63-3A0BB2919BEE}"
EndProject
Project("{FAE04EC0-301F-11D3-BF4B-00C04F79EFBC}") = "SmartStorage.DAL", "I4PRJ SmartStorage.DAL\SmartStorage.DAL.csproj", "{9D0D44A3-3E5F-4736-9BB1-07ED89DF8C2F}"
EndProject
Project("{FAE04EC0-301F-11D3-BF4B-00C04F79EFBC}") = "SmartStorage.UI", "I4PRJ SmartStorage.UI\SmartStorage.UI.csproj", "{5BA405F6-D7A0-46CB-BBAD-4A315FF582B2}"
EndProject
Project("{FAE04EC0-301F-11D3-BF4B-00C04F79EFBC}") = "SmartStorage.UnitTests", "I4PRJ SmartStorage.Tests\SmartStorage.UnitTests.csproj", "{C3E30CBB-2567-437D-A6D0-660DA4B9996B}"
EndProject
Global
	GlobalSection(SolutionConfigurationPlatforms) = preSolution
		Debug|Any CPU = Debug|Any CPU
		Release|Any CPU = Release|Any CPU
	EndGlobalSection
	GlobalSection(ProjectConfigurationPlatforms) = postSolution
		{0A0E6BA3-C63E-4C08-BD63-3A0BB2919BEE}.Debug|Any CPU.ActiveCfg = Debug|Any CPU
		{0A0E6BA3-C63E-4C08-BD63-3A0BB2919BEE}.Debug|Any CPU.Build.0 = Debug|Any CPU
		{0A0E6BA3-C63E-4C08-BD63-3A0BB2919BEE}.Release|Any CPU.ActiveCfg = Release|Any CPU
		{0A0E6BA3-C63E-4C08-BD63-3A0BB2919BEE}.Release|Any CPU.Build.0 = Release|Any CPU
		{9D0D44A3-3E5F-4736-9BB1-07ED89DF8C2F}.Debug|Any CPU.ActiveCfg = Debug|Any CPU
		{9D0D44A3-3E5F-4736-9BB1-07ED89DF8C2F}.Debug|Any CPU.Build.0 = Debug|Any CPU
		{9D0D44A3-3E5F-4736-9BB1-07ED89DF8C2F}.Release|Any CPU.ActiveCfg = Release|Any CPU
		{9D0D44A3-3E5F-4736-9BB1-07ED89DF8C2F}.Release|Any CPU.Build.0 = Release|Any CPU
		{5BA405F6-D7A0-46CB-BBAD-4A315FF582B2}.Debug|Any CPU.ActiveCfg = Debug|Any CPU
		{5BA405F6-D7A0-46CB-BBAD-4A315FF582B2}.Debug|Any CPU.Build.0 = Debug|Any CPU
		{5BA405F6-D7A0-46CB-BBAD-4A315FF582B2}.Release|Any CPU.ActiveCfg = Release|Any CPU
		{5BA405F6-D7A0-46CB-BBAD-4A315FF582B2}.Release|Any CPU.Build.0 = Release|Any CPU
		{C3E30CBB-2567-437D-A6D0-660DA4B9996B}.Debug|Any CPU.ActiveCfg = Debug|Any CPU
		{C3E30CBB-2567-437D-A6D0-660DA4B9996B}.Debug|Any CPU.Build.0 = Debug|Any CPU
		{C3E30CBB-2567-437D-A6D0-660DA4B9996B}.Release|Any CPU.ActiveCfg = Release|Any CPU
		{C3E30CBB-2567-437D-A6D0-660DA4B9996B}.Release|Any CPU.Build.0 = Release|Any CPU
	EndGlobalSection
	GlobalSection(SolutionProperties) = preSolution
		HideSolutionNode = FALSE
	EndGlobalSection
EndGlobal
